
Microsoft Visual Studio Solution File, Format Version 12.00
# Visual Studio Version 17
VisualStudioVersion = 17.0.32126.317
MinimumVisualStudioVersion = 10.0.40219.1
Project("{FAE04EC0-301F-11D3-BF4B-00C04F79EFBC}") = "CRUDSQL", "CRUDSQL\CRUDSQL.csproj", "{F601912F-70B3-45E5-BCC3-295E1F637794}"
EndProject
Global
	GlobalSection(SolutionConfigurationPlatforms) = preSolution
		Debug|Any CPU = Debug|Any CPU
		Release|Any CPU = Release|Any CPU
	EndGlobalSection
	GlobalSection(ProjectConfigurationPlatforms) = postSolution
		{F601912F-70B3-45E5-BCC3-295E1F637794}.Debug|Any CPU.ActiveCfg = Debug|Any CPU
		{F601912F-70B3-45E5-BCC3-295E1F637794}.Debug|Any CPU.Build.0 = Debug|Any CPU
		{F601912F-70B3-45E5-BCC3-295E1F637794}.Release|Any CPU.ActiveCfg = Release|Any CPU
		{F601912F-70B3-45E5-BCC3-295E1F637794}.Release|Any CPU.Build.0 = Release|Any CPU
	EndGlobalSection
	GlobalSection(SolutionProperties) = preSolution
		HideSolutionNode = FALSE
	EndGlobalSection
	GlobalSection(ExtensibilityGlobals) = postSolution
		SolutionGuid = {98E42E7F-98C5-4BE9-B865-4C26BC88AE87}
	EndGlobalSection
EndGlobal
